
Microsoft Visual Studio Solution File, Format Version 12.00
# Visual Studio 15
VisualStudioVersion = 15.0.26730.12
MinimumVisualStudioVersion = 10.0.40219.1
Project("{2150E333-8FDC-42A3-9474-1A3956D46DE8}") = "Solution Items", "Solution Items", "{08D06691-71CD-44E3-8BEA-8722850D7B50}"
	ProjectSection(SolutionItems) = preProject
		Exercise Checking Report.txt = Exercise Checking Report.txt
	EndProjectSection
EndProject
Project("{FAE04EC0-301F-11D3-BF4B-00C04F79EFBC}") = "Infrastructure", "Infrastructure\Infrastructure.csproj", "{BA2FC29B-8640-463C-B7C0-1D1AED9C67BF}"
EndProject
Project("{FAE04EC0-301F-11D3-BF4B-00C04F79EFBC}") = "Space Invaders", "Space Invaders\Space Invaders.csproj", "{CE790496-858F-4968-8B0C-4C0405616012}"
EndProject
Global
	GlobalSection(SolutionConfigurationPlatforms) = preSolution
		Debug|x86 = Debug|x86
		Release|x86 = Release|x86
	EndGlobalSection
	GlobalSection(ProjectConfigurationPlatforms) = postSolution
		{BA2FC29B-8640-463C-B7C0-1D1AED9C67BF}.Debug|x86.ActiveCfg = Debug|x86
		{BA2FC29B-8640-463C-B7C0-1D1AED9C67BF}.Debug|x86.Build.0 = Debug|x86
		{BA2FC29B-8640-463C-B7C0-1D1AED9C67BF}.Release|x86.ActiveCfg = Release|x86
		{BA2FC29B-8640-463C-B7C0-1D1AED9C67BF}.Release|x86.Build.0 = Release|x86
		{CE790496-858F-4968-8B0C-4C0405616012}.Debug|x86.ActiveCfg = Debug|x86
		{CE790496-858F-4968-8B0C-4C0405616012}.Debug|x86.Build.0 = Debug|x86
		{CE790496-858F-4968-8B0C-4C0405616012}.Release|x86.ActiveCfg = Release|x86
		{CE790496-858F-4968-8B0C-4C0405616012}.Release|x86.Build.0 = Release|x86
	EndGlobalSection
	GlobalSection(SolutionProperties) = preSolution
		HideSolutionNode = FALSE
	EndGlobalSection
	GlobalSection(ExtensibilityGlobals) = postSolution
		SolutionGuid = {20925286-31CD-451D-9BCE-47C5CB737CB5}
	EndGlobalSection
EndGlobal
