
Microsoft Visual Studio Solution File, Format Version 12.00
# Visual Studio 15
VisualStudioVersion = 15.0.26430.16
MinimumVisualStudioVersion = 10.0.40219.1
Project("{FAE04EC0-301F-11D3-BF4B-00C04F79EFBC}") = "C17 Ex01 Jacob Sobolev", "C17 Ex01 Jacob Sobolev\C17 Ex01 Jacob Sobolev.csproj", "{CE790496-858F-4968-8B0C-4C0405616012}"
EndProject
Project("{2150E333-8FDC-42A3-9474-1A3956D46DE8}") = "Solution Items", "Solution Items", "{08D06691-71CD-44E3-8BEA-8722850D7B50}"
	ProjectSection(SolutionItems) = preProject
		Exercise Checking Report.txt = Exercise Checking Report.txt
	EndProjectSection
EndProject
Global
	GlobalSection(SolutionConfigurationPlatforms) = preSolution
		Debug|x86 = Debug|x86
		Release|x86 = Release|x86
	EndGlobalSection
	GlobalSection(ProjectConfigurationPlatforms) = postSolution
		{CE790496-858F-4968-8B0C-4C0405616012}.Debug|x86.ActiveCfg = Debug|x86
		{CE790496-858F-4968-8B0C-4C0405616012}.Debug|x86.Build.0 = Debug|x86
		{CE790496-858F-4968-8B0C-4C0405616012}.Release|x86.ActiveCfg = Release|x86
		{CE790496-858F-4968-8B0C-4C0405616012}.Release|x86.Build.0 = Release|x86
	EndGlobalSection
	GlobalSection(SolutionProperties) = preSolution
		HideSolutionNode = FALSE
	EndGlobalSection
EndGlobal
